# THIS IS AN AUTOGENERATED FILE. DO NOT EDIT THIS FILE DIRECTLY.
# yarn lockfile v1


ts-applicatin-error@to-gth/ts-application-error.git:
  version "1.0.0"
  resolved "https://codeload.github.com/to-gth/ts-application-error/tar.gz/98de77f9aa55b367fb073b4e22ff23b0a9060e59"

ts-brand@^0.0.2:
  version "0.0.2"
  resolved "https://registry.yarnpkg.com/ts-brand/-/ts-brand-0.0.2.tgz#b6cbca6ac94df1050a05844e23944eaeda1738a0"
  integrity sha512-UhSzWY4On9ZHIj6DKkRYVN/8OaprbLAZ3b/Y2AJwdl6oozSABsQ0PvwDh4vOVdkvOtWQOkIrjctZ1kj8YfF3jA==

ts-number@to-gth/ts-number.git:
  version "1.0.0"
  resolved "https://codeload.github.com/to-gth/ts-number/tar.gz/0e05dddd1b1eb294f1353035c73ef1872cc77c99"
  dependencies:
    ts-applicatin-error to-gth/ts-application-error.git
    ts-brand "^0.0.2"

ts-range@to-gth/ts-range.git:
  version "1.0.0"
  resolved "https://codeload.github.com/to-gth/ts-range/tar.gz/798016e13a1fa2488931ad8ea5638e4cf100510d"
  dependencies:
    ts-applicatin-error to-gth/ts-application-error.git
    ts-number to-gth/ts-number.git
